Microsoft Visual Studio Solution File, Format Version 12.00
# Visual Studio Version 17
VisualStudioVersion = 17.5.2.0
MinimumVisualStudioVersion = 10.0.40219.1
Project("{FAE04EC0-301F-11D3-BF4B-00C04F79EFBC}") = "Budget_Automation.MCPServer", "Budget_Automation.MCPServer.csproj", "{57E57906-B12D-8570-0112-85772FEAC701}"
EndProject
Global
	GlobalSection(SolutionConfigurationPlatforms) = preSolution
		Debug|Any CPU = Debug|Any CPU
		Release|Any CPU = Release|Any CPU
	EndGlobalSection
	GlobalSection(ProjectConfigurationPlatforms) = postSolution
		{57E57906-B12D-8570-0112-85772FEAC701}.Debug|Any CPU.ActiveCfg = Debug|Any CPU
		{57E57906-B12D-8570-0112-85772FEAC701}.Debug|Any CPU.Build.0 = Debug|Any CPU
		{57E57906-B12D-8570-0112-85772FEAC701}.Release|Any CPU.ActiveCfg = Release|Any CPU
		{57E57906-B12D-8570-0112-85772FEAC701}.Release|Any CPU.Build.0 = Release|Any CPU
	EndGlobalSection
	GlobalSection(SolutionProperties) = preSolution
		HideSolutionNode = FALSE
	EndGlobalSection
	GlobalSection(ExtensibilityGlobals) = postSolution
		SolutionGuid = {BC26DD18-9716-4156-84DB-2937F5D2BE83}
	EndGlobalSection
EndGlobal
